
Microsoft Visual Studio Solution File, Format Version 12.00
# Visual Studio 15
VisualStudioVersion = 15.0.27130.2027
MinimumVisualStudioVersion = 10.0.40219.1
Project("{8BC9CEB8-8B4A-11D0-8D11-00A0C91BC942}") = "Calman_filter", "Calman_filter\Calman_filter.vcxproj", "{05DEDAC7-DBFB-4083-B548-C5005EA6F3C6}"
EndProject
Global
	GlobalSection(SolutionConfigurationPlatforms) = preSolution
		Debug|x64 = Debug|x64
		Debug|x86 = Debug|x86
		Release|x64 = Release|x64
		Release|x86 = Release|x86
	EndGlobalSection
	GlobalSection(ProjectConfigurationPlatforms) = postSolution
		{05DEDAC7-DBFB-4083-B548-C5005EA6F3C6}.Debug|x64.ActiveCfg = Debug|x64
		{05DEDAC7-DBFB-4083-B548-C5005EA6F3C6}.Debug|x64.Build.0 = Debug|x64
		{05DEDAC7-DBFB-4083-B548-C5005EA6F3C6}.Debug|x86.ActiveCfg = Debug|Win32
		{05DEDAC7-DBFB-4083-B548-C5005EA6F3C6}.Debug|x86.Build.0 = Debug|Win32
		{05DEDAC7-DBFB-4083-B548-C5005EA6F3C6}.Release|x64.ActiveCfg = Release|x64
		{05DEDAC7-DBFB-4083-B548-C5005EA6F3C6}.Release|x64.Build.0 = Release|x64
		{05DEDAC7-DBFB-4083-B548-C5005EA6F3C6}.Release|x86.ActiveCfg = Release|Win32
		{05DEDAC7-DBFB-4083-B548-C5005EA6F3C6}.Release|x86.Build.0 = Release|Win32
	EndGlobalSection
	GlobalSection(SolutionProperties) = preSolution
		HideSolutionNode = FALSE
	EndGlobalSection
	GlobalSection(ExtensibilityGlobals) = postSolution
		SolutionGuid = {A3303960-A162-46BB-89B9-A6EB1FA95BD8}
	EndGlobalSection
EndGlobal
